{"1.2.0",
[{<<"base16">>,{pkg,<<"base16">>,<<"2.0.0">>},0},
 {<<"eini">>,{pkg,<<"eini">>,<<"1.2.9">>},0},
 {<<"jsx">>,{pkg,<<"jsx">>,<<"3.1.0">>},0}]}.
[
{pkg_hash,[
 {<<"base16">>, <<"9DA694FA0778DF31522A1B9EB349BA4AC9063B497234DC49509C1F5C37F336A2">>},
 {<<"eini">>, <<"FCC3CBD49BBDD9A1D9735C7365DAFFCD84481CCE81E6CB80537883AA44AC4895">>},
 {<<"jsx">>, <<"D12516BAA0BB23A59BB35DCCAF02A1BD08243FCBB9EFE24F2D9D056CCFF71268">>}]},
{pkg_hash_ext,[
 {<<"base16">>, <<"63067A9F73D2422F15344A1EAF7033C3B339DC64DA0229DE3DF26F0F6F1E4F82">>},
 {<<"eini">>, <<"DA64AE8DB7C2F502E6F20CDF44CD3D9BE364412B87FF49FEBF282540F673DFCB">>},
 {<<"jsx">>, <<"0C5CC8FDC11B53CC25CF65AC6705AD39E54ECC56D1C22E4ADB8F5A53FB9427F3">>}]}
].
